
Microsoft Visual Studio Solution File, Format Version 12.00
# Visual Studio Version 16
VisualStudioVersion = 16.0.29609.76
MinimumVisualStudioVersion = 10.0.40219.1
Project("{FAE04EC0-301F-11D3-BF4B-00C04F79EFBC}") = "XYH.Tools.HttpTool", "XYH.Tools.HttpTool\XYH.Tools.HttpTool.csproj", "{FC49F366-46AB-46BF-BABD-C8FAAA6D3C4B}"
EndProject
Project("{FAE04EC0-301F-11D3-BF4B-00C04F79EFBC}") = "XYH.Tools.HttpTool.TestAPI", "XYH.Tools.HttpTool.TestAPI\XYH.Tools.HttpTool.TestAPI.csproj", "{93563A27-1A03-4544-AB4E-BDEF2E0F4273}"
EndProject
Project("{FAE04EC0-301F-11D3-BF4B-00C04F79EFBC}") = "XYH.Tools.HttpTool.Test", "XYH.Tools.HttpTool.Test\XYH.Tools.HttpTool.Test.csproj", "{5F808F2E-535E-4ADC-8232-64796C5C245F}"
EndProject
Project("{FAE04EC0-301F-11D3-BF4B-00C04F79EFBC}") = "XYH.Tools.HttpTool.TestModel", "XYH.Tools.HttpTool.TestModel\XYH.Tools.HttpTool.TestModel.csproj", "{329E1467-DBD3-4331-93ED-141982B17A8F}"
EndProject
Global
	GlobalSection(SolutionConfigurationPlatforms) = preSolution
		Debug|Any CPU = Debug|Any CPU
		Release|Any CPU = Release|Any CPU
	EndGlobalSection
	GlobalSection(ProjectConfigurationPlatforms) = postSolution
		{FC49F366-46AB-46BF-BABD-C8FAAA6D3C4B}.Debug|Any CPU.ActiveCfg = Debug|Any CPU
		{FC49F366-46AB-46BF-BABD-C8FAAA6D3C4B}.Debug|Any CPU.Build.0 = Debug|Any CPU
		{FC49F366-46AB-46BF-BABD-C8FAAA6D3C4B}.Release|Any CPU.ActiveCfg = Release|Any CPU
		{FC49F366-46AB-46BF-BABD-C8FAAA6D3C4B}.Release|Any CPU.Build.0 = Release|Any CPU
		{93563A27-1A03-4544-AB4E-BDEF2E0F4273}.Debug|Any CPU.ActiveCfg = Debug|Any CPU
		{93563A27-1A03-4544-AB4E-BDEF2E0F4273}.Debug|Any CPU.Build.0 = Debug|Any CPU
		{93563A27-1A03-4544-AB4E-BDEF2E0F4273}.Release|Any CPU.ActiveCfg = Release|Any CPU
		{93563A27-1A03-4544-AB4E-BDEF2E0F4273}.Release|Any CPU.Build.0 = Release|Any CPU
		{5F808F2E-535E-4ADC-8232-64796C5C245F}.Debug|Any CPU.ActiveCfg = Debug|Any CPU
		{5F808F2E-535E-4ADC-8232-64796C5C245F}.Debug|Any CPU.Build.0 = Debug|Any CPU
		{5F808F2E-535E-4ADC-8232-64796C5C245F}.Release|Any CPU.ActiveCfg = Release|Any CPU
		{5F808F2E-535E-4ADC-8232-64796C5C245F}.Release|Any CPU.Build.0 = Release|Any CPU
		{329E1467-DBD3-4331-93ED-141982B17A8F}.Debug|Any CPU.ActiveCfg = Debug|Any CPU
		{329E1467-DBD3-4331-93ED-141982B17A8F}.Debug|Any CPU.Build.0 = Debug|Any CPU
		{329E1467-DBD3-4331-93ED-141982B17A8F}.Release|Any CPU.ActiveCfg = Release|Any CPU
		{329E1467-DBD3-4331-93ED-141982B17A8F}.Release|Any CPU.Build.0 = Release|Any CPU
	EndGlobalSection
	GlobalSection(SolutionProperties) = preSolution
		HideSolutionNode = FALSE
	EndGlobalSection
	GlobalSection(ExtensibilityGlobals) = postSolution
		SolutionGuid = {E5A17C16-DC26-40BF-A3A5-0F9F68A3D83F}
	EndGlobalSection
EndGlobal
